{
  "name": "hypo-link",
  "version": "0.0.8",
  "lockfileVersion": 1,
  "requires": true,
  "dependencies": {
    "xtal-latx": {
      "version": "0.0.88",
      "resolved": "https://registry.npmjs.org/xtal-latx/-/xtal-latx-0.0.88.tgz",
      "integrity": "sha512-zkfvHGGKR5EeNbHKp5oMhNc9a8tl/IoxsxMlRqgEHjZ7rPW1zZFHn6Zdnhbq1NdWVVPhcw+9CbH/+5g+gExPjg=="
    }
  }
}
